
Microsoft Visual Studio Solution File, Format Version 11.00
# Visual C++ Express 2010
Project("{8BC9CEB8-8B4A-11D0-8D11-00A0C91BC942}") = "xinput1_3", "xinput1_3\xinput1_3.vcxproj", "{74B081AB-4924-4A34-8FF3-97E25C51B16A}"
EndProject
Global
	GlobalSection(SolutionConfigurationPlatforms) = preSolution
		Debug|Win32 = Debug|Win32
		Release|Win32 = Release|Win32
	EndGlobalSection
	GlobalSection(ProjectConfigurationPlatforms) = postSolution
		{74B081AB-4924-4A34-8FF3-97E25C51B16A}.Debug|Win32.ActiveCfg = Debug|Win32
		{74B081AB-4924-4A34-8FF3-97E25C51B16A}.Debug|Win32.Build.0 = Debug|Win32
		{74B081AB-4924-4A34-8FF3-97E25C51B16A}.Release|Win32.ActiveCfg = Release|Win32
		{74B081AB-4924-4A34-8FF3-97E25C51B16A}.Release|Win32.Build.0 = Release|Win32
	EndGlobalSection
	GlobalSection(SolutionProperties) = preSolution
		HideSolutionNode = FALSE
	EndGlobalSection
EndGlobal
